<?xml version="1.0" encoding="UTF-8" standalone="yes" ?>
<CodeBlocks_project_file>
	<FileVersion major="1" minor="6" />
	<Project>
		<Option title="Guardian of the Gate" />
		<Option pch_mode="2" />
		<Option compiler="gcc" />
		<Build>
			<Target title="Debug">
				<Option output="bin/Debug/Guardian of the Gate" prefix_auto="1" extension_auto="1" />
				<Option object_output="obj/Debug/" />
				<Option type="1" />
				<Option compiler="gcc" />
				<Compiler>
					<Add option="-g" />
				</Compiler>
			</Target>
			<Target title="Release">
				<Option output="bin/Release/Guardian of the Gate" prefix_auto="1" extension_auto="1" />
				<Option object_output="obj/Release/" />
				<Option type="1" />
				<Option compiler="gcc" />
				<Compiler>
					<Add option="-O2" />
				</Compiler>
				<Linker>
					<Add option="-s" />
				</Linker>
			</Target>
		</Build>
		<Compiler>
			<Add option="-Wall" />
		</Compiler>
		<Unit filename="GuardianoftheGate.c">
			<Option compilerVar="CC" />
		</Unit>
		<Unit filename="battlefile.c">
			<Option compilerVar="CC" />
		</Unit>
		<Unit filename="battlefile.h" />
		<Unit filename="end.c">
			<Option compilerVar="CC" />
		</Unit>
		<Unit filename="end.h" />
		<Unit filename="enemyfile.c">
			<Option compilerVar="CC" />
		</Unit>
		<Unit filename="enemyfile.h" />
		<Unit filename="herostatistics.h" />
		<Unit filename="lvlup.c">
			<Option compilerVar="CC" />
		</Unit>
		<Unit filename="lvlup.h" />
		<Unit filename="optionsfile.c">
			<Option compilerVar="CC" />
		</Unit>
		<Unit filename="optionsfile.h" />
		<Unit filename="start.c">
			<Option compilerVar="CC" />
		</Unit>
		<Unit filename="start.h" />
		<Extensions />
	</Project>
</CodeBlocks_project_file>
